
Microsoft Visual Studio Solution File, Format Version 12.00
# Visual Studio Version 16
VisualStudioVersion = 16.0.30611.23
MinimumVisualStudioVersion = 10.0.40219.1
Project("{8BC9CEB8-8B4A-11D0-8D11-00A0C91BC942}") = "1109", "1109\1109.vcxproj", "{BC59BE69-84C9-4DEE-ACF9-58E95F1ACB2B}"
EndProject
Global
	GlobalSection(SolutionConfigurationPlatforms) = preSolution
		Debug|x64 = Debug|x64
		Debug|x86 = Debug|x86
		Release|x64 = Release|x64
		Release|x86 = Release|x86
	EndGlobalSection
	GlobalSection(ProjectConfigurationPlatforms) = postSolution
		{BC59BE69-84C9-4DEE-ACF9-58E95F1ACB2B}.Debug|x64.ActiveCfg = Debug|x64
		{BC59BE69-84C9-4DEE-ACF9-58E95F1ACB2B}.Debug|x64.Build.0 = Debug|x64
		{BC59BE69-84C9-4DEE-ACF9-58E95F1ACB2B}.Debug|x86.ActiveCfg = Debug|Win32
		{BC59BE69-84C9-4DEE-ACF9-58E95F1ACB2B}.Debug|x86.Build.0 = Debug|Win32
		{BC59BE69-84C9-4DEE-ACF9-58E95F1ACB2B}.Release|x64.ActiveCfg = Release|x64
		{BC59BE69-84C9-4DEE-ACF9-58E95F1ACB2B}.Release|x64.Build.0 = Release|x64
		{BC59BE69-84C9-4DEE-ACF9-58E95F1ACB2B}.Release|x86.ActiveCfg = Release|Win32
		{BC59BE69-84C9-4DEE-ACF9-58E95F1ACB2B}.Release|x86.Build.0 = Release|Win32
	EndGlobalSection
	GlobalSection(SolutionProperties) = preSolution
		HideSolutionNode = FALSE
	EndGlobalSection
	GlobalSection(ExtensibilityGlobals) = postSolution
		SolutionGuid = {05060E52-9B8F-4101-B125-8190F507E105}
	EndGlobalSection
EndGlobal
